
Microsoft Visual Studio Solution File, Format Version 12.00
# Visual Studio Version 17
VisualStudioVersion = 17.14.36518.9
MinimumVisualStudioVersion = 10.0.40219.1
Project("{2150E333-8FDC-42A3-9474-1A3956D46DE8}") = "Task0", "Task0", "{36D591C7-65C7-A0D1-1CBC-10CDE441BDC8}"
EndProject
Project("{FAE04EC0-301F-11D3-BF4B-00C04F79EFBC}") = "Tyuiu.VyazovES.Sprint4.Task0.V22", "Tyuiu.VyazovES.Sprint4.Task0.V22\Tyuiu.VyazovES.Sprint4.Task0.V22.csproj", "{AA430103-CA98-4B9E-B579-B23C02C4DFB7}"
EndProject
Project("{FAE04EC0-301F-11D3-BF4B-00C04F79EFBC}") = "Tyuiu.VyazovES.Sprint4.Task0.V22.Lib", "Tyuiu.VyazovES.Sprint4.Task0.V22.Lib\Tyuiu.VyazovES.Sprint4.Task0.V22.Lib.csproj", "{38C1FB58-F7F8-495D-B412-3364AC5B240A}"
EndProject
Project("{FAE04EC0-301F-11D3-BF4B-00C04F79EFBC}") = "Tyuiu.VyazovES.Sprint4.Task0.V22.Test", "Tyuiu.VyazovES.Sprint4.Task0.V22.Test\Tyuiu.VyazovES.Sprint4.Task0.V22.Test.csproj", "{6F9EE469-2D12-46F6-9550-08D12791D51F}"
EndProject
Project("{2150E333-8FDC-42A3-9474-1A3956D46DE8}") = "Task1", "Task1", "{8E6BF1CE-1D2C-4680-84BD-1600B90136F0}"
EndProject
Project("{FAE04EC0-301F-11D3-BF4B-00C04F79EFBC}") = "Tyuiu.VyazovES.Sprint4.Task1.V2", "Tyuiu.VyazovES.Sprint4.Task1.V2\Tyuiu.VyazovES.Sprint4.Task1.V2.csproj", "{24462A8E-C5CE-4BEC-93C0-F31546F1099B}"
EndProject
Project("{FAE04EC0-301F-11D3-BF4B-00C04F79EFBC}") = "Tyuiu.VyazovES.Sprint4.Task1.V2.Test", "Tyuiu.VyazovES.Sprint4.Task1.V2.Test\Tyuiu.VyazovES.Sprint4.Task1.V2.Test.csproj", "{70D64007-FC3F-4AEA-8048-A9D82608FCE2}"
EndProject
Project("{FAE04EC0-301F-11D3-BF4B-00C04F79EFBC}") = "Tyuiu.VyazovES.Sprint4.Task1.V2.Lib", "Tyuiu.VyazovES.Sprint4.Task1.V2.Lib\Tyuiu.VyazovES.Sprint4.Task1.V2.Lib.csproj", "{787771F0-8390-42F2-AC1B-E4ABE11A2452}"
EndProject
Project("{2150E333-8FDC-42A3-9474-1A3956D46DE8}") = "Task2", "Task2", "{570DB1D5-2CF1-4C87-8581-B4039C882B8B}"
EndProject
Project("{FAE04EC0-301F-11D3-BF4B-00C04F79EFBC}") = "Tyuiu.VyazovES.Sprint4.Task2.V9", "Tyuiu.VyazovES.Sprint4.Task2.V9\Tyuiu.VyazovES.Sprint4.Task2.V9.csproj", "{C5C95335-F204-4E0A-80FF-D0FB6194DA72}"
EndProject
Project("{FAE04EC0-301F-11D3-BF4B-00C04F79EFBC}") = "Tyuiu.VyazovES.Sprint4.Task2.V9.Lib", "Tyuiu.VyazovES.Sprint4.Task2.V9.Lib\Tyuiu.VyazovES.Sprint4.Task2.V9.Lib.csproj", "{CA77376C-6745-4B58-9336-2A17DEA721A6}"
EndProject
Project("{FAE04EC0-301F-11D3-BF4B-00C04F79EFBC}") = "Tyuiu.VyazovES.Sprint4.Task2.V9.Test", "Tyuiu.VyazovES.Sprint4.Task2.V9.Test\Tyuiu.VyazovES.Sprint4.Task2.V9.Test.csproj", "{F6488264-D2BF-410C-82BE-E09A048D59DB}"
EndProject
Project("{2150E333-8FDC-42A3-9474-1A3956D46DE8}") = "Task3", "Task3", "{B4ADAEB6-E3BF-4955-86D6-6D0E710A6330}"
EndProject
Project("{FAE04EC0-301F-11D3-BF4B-00C04F79EFBC}") = "Tyuiu.VyazovES.Sprint4.Task3.V1", "Tyuiu.VyazovES.Sprint4.Task3.V1\Tyuiu.VyazovES.Sprint4.Task3.V1.csproj", "{F1874719-621D-48AE-8F83-9E89DE2A8ABE}"
EndProject
Project("{FAE04EC0-301F-11D3-BF4B-00C04F79EFBC}") = "Tyuiu.VyazovES.Sprint4.Task3.V1.Test", "Tyuiu.VyazovES.Sprint4.Task3.V1.Test\Tyuiu.VyazovES.Sprint4.Task3.V1.Test.csproj", "{B0A5CA73-08E8-4C07-AA4E-301A3A8BB625}"
EndProject
Project("{FAE04EC0-301F-11D3-BF4B-00C04F79EFBC}") = "Tyuiu.VyazovES.Sprint4.Task3.V1.Lib", "Tyuiu.VyazovES.Sprint4.Task3.V1.Lib\Tyuiu.VyazovES.Sprint4.Task3.V1.Lib.csproj", "{A75F7430-1697-45C6-8E4A-79BF020CDF33}"
EndProject
Project("{2150E333-8FDC-42A3-9474-1A3956D46DE8}") = "Task4", "Task4", "{FFDB9251-B496-4D42-9E45-6CF8DECC1E97}"
EndProject
Project("{FAE04EC0-301F-11D3-BF4B-00C04F79EFBC}") = "Tyuiu.VyazovES.Sprint4.Task4.V22", "Tyuiu.VyazovES.Sprint4.Task4.V22\Tyuiu.VyazovES.Sprint4.Task4.V22.csproj", "{8E281225-3076-4313-9CFC-B988AD694A80}"
EndProject
Project("{FAE04EC0-301F-11D3-BF4B-00C04F79EFBC}") = "Tyuiu.VyazovES.Sprint4.Task4.V22.Lib", "Tyuiu.VyazovES.Sprint4.Task4.V22.Lib\Tyuiu.VyazovES.Sprint4.Task4.V22.Lib.csproj", "{CEF4493E-2AD1-4061-BFF6-BDF08F9C0CFF}"
EndProject
Project("{FAE04EC0-301F-11D3-BF4B-00C04F79EFBC}") = "Tyuiu.VyazovES.Sprint4.Task4.V22.Test", "Tyuiu.VyazovES.Sprint4.Task4.V22.Test\Tyuiu.VyazovES.Sprint4.Task4.V22.Test.csproj", "{FF1ECE6D-9445-41D8-A296-0C17DE5D2985}"
EndProject
Project("{2150E333-8FDC-42A3-9474-1A3956D46DE8}") = "Task5", "Task5", "{DCE30415-DB81-4C8F-A06A-9D3BBB584553}"
EndProject
Project("{FAE04EC0-301F-11D3-BF4B-00C04F79EFBC}") = "Tyuiu.VyazovES.Sprint4.Task5.V23", "Tyuiu.VyazovES.Sprint4.Task5.V23\Tyuiu.VyazovES.Sprint4.Task5.V23.csproj", "{D8C52A8D-6CBD-48A8-9193-44614B21BB39}"
EndProject
Project("{FAE04EC0-301F-11D3-BF4B-00C04F79EFBC}") = "Tyuiu.VyazovES.Sprint4.Task5.V23.Test", "Tyuiu.VyazovES.Sprint4.Task5.V23.Test\Tyuiu.VyazovES.Sprint4.Task5.V23.Test.csproj", "{D10898B6-CE98-4DB2-A1FC-5164E1D7A2AC}"
EndProject
Project("{FAE04EC0-301F-11D3-BF4B-00C04F79EFBC}") = "Tyuiu.VyazovES.Sprint4.Task5.V23.Lib", "Tyuiu.VyazovES.Sprint4.Task5.V23.Lib\Tyuiu.VyazovES.Sprint4.Task5.V23.Lib.csproj", "{F1894DFD-B89D-4AF5-B609-458F1BA96214}"
EndProject
Global
	GlobalSection(SolutionConfigurationPlatforms) = preSolution
		Debug|Any CPU = Debug|Any CPU
		Release|Any CPU = Release|Any CPU
	EndGlobalSection
	GlobalSection(ProjectConfigurationPlatforms) = postSolution
		{AA430103-CA98-4B9E-B579-B23C02C4DFB7}.Debug|Any CPU.ActiveCfg = Debug|Any CPU
		{AA430103-CA98-4B9E-B579-B23C02C4DFB7}.Debug|Any CPU.Build.0 = Debug|Any CPU
		{AA430103-CA98-4B9E-B579-B23C02C4DFB7}.Release|Any CPU.ActiveCfg = Release|Any CPU
		{AA430103-CA98-4B9E-B579-B23C02C4DFB7}.Release|Any CPU.Build.0 = Release|Any CPU
		{38C1FB58-F7F8-495D-B412-3364AC5B240A}.Debug|Any CPU.ActiveCfg = Debug|Any CPU
		{38C1FB58-F7F8-495D-B412-3364AC5B240A}.Debug|Any CPU.Build.0 = Debug|Any CPU
		{38C1FB58-F7F8-495D-B412-3364AC5B240A}.Release|Any CPU.ActiveCfg = Release|Any CPU
		{38C1FB58-F7F8-495D-B412-3364AC5B240A}.Release|Any CPU.Build.0 = Release|Any CPU
		{6F9EE469-2D12-46F6-9550-08D12791D51F}.Debug|Any CPU.ActiveCfg = Debug|Any CPU
		{6F9EE469-2D12-46F6-9550-08D12791D51F}.Debug|Any CPU.Build.0 = Debug|Any CPU
		{6F9EE469-2D12-46F6-9550-08D12791D51F}.Release|Any CPU.ActiveCfg = Release|Any CPU
		{6F9EE469-2D12-46F6-9550-08D12791D51F}.Release|Any CPU.Build.0 = Release|Any CPU
		{24462A8E-C5CE-4BEC-93C0-F31546F1099B}.Debug|Any CPU.ActiveCfg = Debug|Any CPU
		{24462A8E-C5CE-4BEC-93C0-F31546F1099B}.Debug|Any CPU.Build.0 = Debug|Any CPU
		{24462A8E-C5CE-4BEC-93C0-F31546F1099B}.Release|Any CPU.ActiveCfg = Release|Any CPU
		{24462A8E-C5CE-4BEC-93C0-F31546F1099B}.Release|Any CPU.Build.0 = Release|Any CPU
		{70D64007-FC3F-4AEA-8048-A9D82608FCE2}.Debug|Any CPU.ActiveCfg = Debug|Any CPU
		{70D64007-FC3F-4AEA-8048-A9D82608FCE2}.Debug|Any CPU.Build.0 = Debug|Any CPU
		{70D64007-FC3F-4AEA-8048-A9D82608FCE2}.Release|Any CPU.ActiveCfg = Release|Any CPU
		{70D64007-FC3F-4AEA-8048-A9D82608FCE2}.Release|Any CPU.Build.0 = Release|Any CPU
		{787771F0-8390-42F2-AC1B-E4ABE11A2452}.Debug|Any CPU.ActiveCfg = Debug|Any CPU
		{787771F0-8390-42F2-AC1B-E4ABE11A2452}.Debug|Any CPU.Build.0 = Debug|Any CPU
		{787771F0-8390-42F2-AC1B-E4ABE11A2452}.Release|Any CPU.ActiveCfg = Release|Any CPU
		{787771F0-8390-42F2-AC1B-E4ABE11A2452}.Release|Any CPU.Build.0 = Release|Any CPU
		{C5C95335-F204-4E0A-80FF-D0FB6194DA72}.Debug|Any CPU.ActiveCfg = Debug|Any CPU
		{C5C95335-F204-4E0A-80FF-D0FB6194DA72}.Debug|Any CPU.Build.0 = Debug|Any CPU
		{C5C95335-F204-4E0A-80FF-D0FB6194DA72}.Release|Any CPU.ActiveCfg = Release|Any CPU
		{C5C95335-F204-4E0A-80FF-D0FB6194DA72}.Release|Any CPU.Build.0 = Release|Any CPU
		{CA77376C-6745-4B58-9336-2A17DEA721A6}.Debug|Any CPU.ActiveCfg = Debug|Any CPU
		{CA77376C-6745-4B58-9336-2A17DEA721A6}.Debug|Any CPU.Build.0 = Debug|Any CPU
		{CA77376C-6745-4B58-9336-2A17DEA721A6}.Release|Any CPU.ActiveCfg = Release|Any CPU
		{CA77376C-6745-4B58-9336-2A17DEA721A6}.Release|Any CPU.Build.0 = Release|Any CPU
		{F6488264-D2BF-410C-82BE-E09A048D59DB}.Debug|Any CPU.ActiveCfg = Debug|Any CPU
		{F6488264-D2BF-410C-82BE-E09A048D59DB}.Debug|Any CPU.Build.0 = Debug|Any CPU
		{F6488264-D2BF-410C-82BE-E09A048D59DB}.Release|Any CPU.ActiveCfg = Release|Any CPU
		{F6488264-D2BF-410C-82BE-E09A048D59DB}.Release|Any CPU.Build.0 = Release|Any CPU
		{F1874719-621D-48AE-8F83-9E89DE2A8ABE}.Debug|Any CPU.ActiveCfg = Debug|Any CPU
		{F1874719-621D-48AE-8F83-9E89DE2A8ABE}.Debug|Any CPU.Build.0 = Debug|Any CPU
		{F1874719-621D-48AE-8F83-9E89DE2A8ABE}.Release|Any CPU.ActiveCfg = Release|Any CPU
		{F1874719-621D-48AE-8F83-9E89DE2A8ABE}.Release|Any CPU.Build.0 = Release|Any CPU
		{B0A5CA73-08E8-4C07-AA4E-301A3A8BB625}.Debug|Any CPU.ActiveCfg = Debug|Any CPU
		{B0A5CA73-08E8-4C07-AA4E-301A3A8BB625}.Debug|Any CPU.Build.0 = Debug|Any CPU
		{B0A5CA73-08E8-4C07-AA4E-301A3A8BB625}.Release|Any CPU.ActiveCfg = Release|Any CPU
		{B0A5CA73-08E8-4C07-AA4E-301A3A8BB625}.Release|Any CPU.Build.0 = Release|Any CPU
		{A75F7430-1697-45C6-8E4A-79BF020CDF33}.Debug|Any CPU.ActiveCfg = Debug|Any CPU
		{A75F7430-1697-45C6-8E4A-79BF020CDF33}.Debug|Any CPU.Build.0 = Debug|Any CPU
		{A75F7430-1697-45C6-8E4A-79BF020CDF33}.Release|Any CPU.ActiveCfg = Release|Any CPU
		{A75F7430-1697-45C6-8E4A-79BF020CDF33}.Release|Any CPU.Build.0 = Release|Any CPU
		{8E281225-3076-4313-9CFC-B988AD694A80}.Debug|Any CPU.ActiveCfg = Debug|Any CPU
		{8E281225-3076-4313-9CFC-B988AD694A80}.Debug|Any CPU.Build.0 = Debug|Any CPU
		{8E281225-3076-4313-9CFC-B988AD694A80}.Release|Any CPU.ActiveCfg = Release|Any CPU
		{8E281225-3076-4313-9CFC-B988AD694A80}.Release|Any CPU.Build.0 = Release|Any CPU
		{CEF4493E-2AD1-4061-BFF6-BDF08F9C0CFF}.Debug|Any CPU.ActiveCfg = Debug|Any CPU
		{CEF4493E-2AD1-4061-BFF6-BDF08F9C0CFF}.Debug|Any CPU.Build.0 = Debug|Any CPU
		{CEF4493E-2AD1-4061-BFF6-BDF08F9C0CFF}.Release|Any CPU.ActiveCfg = Release|Any CPU
		{CEF4493E-2AD1-4061-BFF6-BDF08F9C0CFF}.Release|Any CPU.Build.0 = Release|Any CPU
		{FF1ECE6D-9445-41D8-A296-0C17DE5D2985}.Debug|Any CPU.ActiveCfg = Debug|Any CPU
		{FF1ECE6D-9445-41D8-A296-0C17DE5D2985}.Debug|Any CPU.Build.0 = Debug|Any CPU
		{FF1ECE6D-9445-41D8-A296-0C17DE5D2985}.Release|Any CPU.ActiveCfg = Release|Any CPU
		{FF1ECE6D-9445-41D8-A296-0C17DE5D2985}.Release|Any CPU.Build.0 = Release|Any CPU
		{D8C52A8D-6CBD-48A8-9193-44614B21BB39}.Debug|Any CPU.ActiveCfg = Debug|Any CPU
		{D8C52A8D-6CBD-48A8-9193-44614B21BB39}.Debug|Any CPU.Build.0 = Debug|Any CPU
		{D8C52A8D-6CBD-48A8-9193-44614B21BB39}.Release|Any CPU.ActiveCfg = Release|Any CPU
		{D8C52A8D-6CBD-48A8-9193-44614B21BB39}.Release|Any CPU.Build.0 = Release|Any CPU
		{D10898B6-CE98-4DB2-A1FC-5164E1D7A2AC}.Debug|Any CPU.ActiveCfg = Debug|Any CPU
		{D10898B6-CE98-4DB2-A1FC-5164E1D7A2AC}.Debug|Any CPU.Build.0 = Debug|Any CPU
		{D10898B6-CE98-4DB2-A1FC-5164E1D7A2AC}.Release|Any CPU.ActiveCfg = Release|Any CPU
		{D10898B6-CE98-4DB2-A1FC-5164E1D7A2AC}.Release|Any CPU.Build.0 = Release|Any CPU
		{F1894DFD-B89D-4AF5-B609-458F1BA96214}.Debug|Any CPU.ActiveCfg = Debug|Any CPU
		{F1894DFD-B89D-4AF5-B609-458F1BA96214}.Debug|Any CPU.Build.0 = Debug|Any CPU
		{F1894DFD-B89D-4AF5-B609-458F1BA96214}.Release|Any CPU.ActiveCfg = Release|Any CPU
		{F1894DFD-B89D-4AF5-B609-458F1BA96214}.Release|Any CPU.Build.0 = Release|Any CPU
	EndGlobalSection
	GlobalSection(SolutionProperties) = preSolution
		HideSolutionNode = FALSE
	EndGlobalSection
	GlobalSection(NestedProjects) = preSolution
		{AA430103-CA98-4B9E-B579-B23C02C4DFB7} = {36D591C7-65C7-A0D1-1CBC-10CDE441BDC8}
		{38C1FB58-F7F8-495D-B412-3364AC5B240A} = {36D591C7-65C7-A0D1-1CBC-10CDE441BDC8}
		{6F9EE469-2D12-46F6-9550-08D12791D51F} = {36D591C7-65C7-A0D1-1CBC-10CDE441BDC8}
		{24462A8E-C5CE-4BEC-93C0-F31546F1099B} = {8E6BF1CE-1D2C-4680-84BD-1600B90136F0}
		{70D64007-FC3F-4AEA-8048-A9D82608FCE2} = {8E6BF1CE-1D2C-4680-84BD-1600B90136F0}
		{787771F0-8390-42F2-AC1B-E4ABE11A2452} = {8E6BF1CE-1D2C-4680-84BD-1600B90136F0}
		{C5C95335-F204-4E0A-80FF-D0FB6194DA72} = {570DB1D5-2CF1-4C87-8581-B4039C882B8B}
		{CA77376C-6745-4B58-9336-2A17DEA721A6} = {570DB1D5-2CF1-4C87-8581-B4039C882B8B}
		{F6488264-D2BF-410C-82BE-E09A048D59DB} = {570DB1D5-2CF1-4C87-8581-B4039C882B8B}
		{F1874719-621D-48AE-8F83-9E89DE2A8ABE} = {B4ADAEB6-E3BF-4955-86D6-6D0E710A6330}
		{B0A5CA73-08E8-4C07-AA4E-301A3A8BB625} = {B4ADAEB6-E3BF-4955-86D6-6D0E710A6330}
		{A75F7430-1697-45C6-8E4A-79BF020CDF33} = {B4ADAEB6-E3BF-4955-86D6-6D0E710A6330}
		{8E281225-3076-4313-9CFC-B988AD694A80} = {FFDB9251-B496-4D42-9E45-6CF8DECC1E97}
		{CEF4493E-2AD1-4061-BFF6-BDF08F9C0CFF} = {FFDB9251-B496-4D42-9E45-6CF8DECC1E97}
		{FF1ECE6D-9445-41D8-A296-0C17DE5D2985} = {FFDB9251-B496-4D42-9E45-6CF8DECC1E97}
		{D8C52A8D-6CBD-48A8-9193-44614B21BB39} = {DCE30415-DB81-4C8F-A06A-9D3BBB584553}
		{D10898B6-CE98-4DB2-A1FC-5164E1D7A2AC} = {DCE30415-DB81-4C8F-A06A-9D3BBB584553}
		{F1894DFD-B89D-4AF5-B609-458F1BA96214} = {DCE30415-DB81-4C8F-A06A-9D3BBB584553}
	EndGlobalSection
	GlobalSection(ExtensibilityGlobals) = postSolution
		SolutionGuid = {092E02E1-BB22-4A02-9410-2E8E125D8E3B}
	EndGlobalSection
EndGlobal
